{
  "name": "ariabuckles-home",
  "version": "1.0.0",
  "lockfileVersion": 1,
  "requires": true,
  "dependencies": {
    "bcryptjs": {
      "version": "2.4.3",
      "resolved": "https://registry.npmjs.org/bcryptjs/-/bcryptjs-2.4.3.tgz",
      "integrity": "sha1-mrVie5PmBiH/fNrF2pczAn3x0Ms="
    },
    "commander": {
      "version": "2.16.0",
      "resolved": "https://registry.npmjs.org/commander/-/commander-2.16.0.tgz",
      "integrity": "sha512-sVXqklSaotK9at437sFlFpyOcJonxe0yST/AG9DkQKUdIE6IqGIMv4SfAQSKaJbSdVEJYItASCrBiVQHq1HQew=="
    },
    "viridium": {
      "version": "0.5.0-beta.0",
      "resolved": "https://registry.npmjs.org/viridium/-/viridium-0.5.0-beta.0.tgz",
      "integrity": "sha512-LCBt4+X9DZ6M8VLdEOAXLW7uyH6DGuQpDt801mJDZQy38Wi/IZuSu4GqxJyTVHrh9DWyeZj3kMssZQvqXf179w==",
      "requires": {
        "bcryptjs": "2.4.3",
        "commander": "2.16.0"
      }
    }
  }
}
